
Microsoft Visual Studio Solution File, Format Version 12.00
# Visual Studio Version 16
VisualStudioVersion = 16.0.31112.23
MinimumVisualStudioVersion = 10.0.40219.1
Project("{9A19103F-16F7-4668-BE54-9A1E7A4F7556}") = "MySite", "MySite.csproj", "{065D770E-5752-43F2-A11E-9B3CF71946B9}"
EndProject
Global
	GlobalSection(SolutionConfigurationPlatforms) = preSolution
		Debug|Any CPU = Debug|Any CPU
		Release|Any CPU = Release|Any CPU
	EndGlobalSection
	GlobalSection(ProjectConfigurationPlatforms) = postSolution
		{065D770E-5752-43F2-A11E-9B3CF71946B9}.Debug|Any CPU.ActiveCfg = Debug|Any CPU
		{065D770E-5752-43F2-A11E-9B3CF71946B9}.Debug|Any CPU.Build.0 = Debug|Any CPU
		{065D770E-5752-43F2-A11E-9B3CF71946B9}.Release|Any CPU.ActiveCfg = Release|Any CPU
		{065D770E-5752-43F2-A11E-9B3CF71946B9}.Release|Any CPU.Build.0 = Release|Any CPU
	EndGlobalSection
	GlobalSection(SolutionProperties) = preSolution
		HideSolutionNode = FALSE
	EndGlobalSection
	GlobalSection(ExtensibilityGlobals) = postSolution
		SolutionGuid = {D4CAEC2F-1122-4603-BBAE-7CEC2CD81EAB}
	EndGlobalSection
EndGlobal
